
Microsoft Visual Studio Solution File, Format Version 12.00
# Visual Studio Version 16
VisualStudioVersion = 16.0.29609.76
MinimumVisualStudioVersion = 10.0.40219.1
Project("{9A19103F-16F7-4668-BE54-9A1E7A4F7556}") = "FavProducts.Rest", "FavProducts.Rest\FavProducts.Rest.csproj", "{3EB1CFAE-5AF0-4BAD-8B58-2DA91DF52DE8}"
EndProject
Project("{9A19103F-16F7-4668-BE54-9A1E7A4F7556}") = "FavProducts.Domain", "FavProducts.Domain\FavProducts.Domain.csproj", "{047F0DF9-FA87-49B8-AE3F-B6AB47129647}"
EndProject
Project("{9A19103F-16F7-4668-BE54-9A1E7A4F7556}") = "FavProducts.Command", "FavProducts.Command\FavProducts.Command.csproj", "{AA28665D-12D2-4DB5-8085-EF2729EB3457}"
EndProject
Project("{9A19103F-16F7-4668-BE54-9A1E7A4F7556}") = "FavProducts.Service", "FavProducts.Service\FavProducts.Service.csproj", "{1F3E43DF-E0CC-44E1-91E4-B95A2ECED7EC}"
EndProject
Project("{9A19103F-16F7-4668-BE54-9A1E7A4F7556}") = "FavProducts.Data", "FavProducts.Data\FavProducts.Data.csproj", "{BB352F89-CC7A-47FC-9B03-EB6C75D050C6}"
EndProject
Project("{9A19103F-16F7-4668-BE54-9A1E7A4F7556}") = "FavProducts.Core", "FavProducts.Core\FavProducts.Core.csproj", "{C5CBD764-703F-4BAD-BDD7-B64FC3157467}"
EndProject
Project("{2150E333-8FDC-42A3-9474-1A3956D46DE8}") = "src", "src", "{931710E3-ED07-47D4-89F0-9DF3CD80EFDF}"
EndProject
Project("{2150E333-8FDC-42A3-9474-1A3956D46DE8}") = "Test", "Test", "{B61D497A-26F7-409E-A8FD-F67766E5161B}"
EndProject
Project("{2150E333-8FDC-42A3-9474-1A3956D46DE8}") = "Rest", "Rest", "{A53CE0D8-1CEB-44F3-8B3D-97DC660C37AE}"
EndProject
Project("{9A19103F-16F7-4668-BE54-9A1E7A4F7556}") = "FavProducts.Infrastructure", "FavProducts.Infrastructure\FavProducts.Infrastructure.csproj", "{F75D98DD-1BB6-4923-AD5F-F5823E01B7A6}"
EndProject
Project("{FAE04EC0-301F-11D3-BF4B-00C04F79EFBC}") = "FavProducts.UnitTest", "FavProducts.UnitTest\FavProducts.UnitTest.csproj", "{EFBC092D-3B7E-43F6-A9EE-806BF225378C}"
EndProject
Global
	GlobalSection(SolutionConfigurationPlatforms) = preSolution
		Debug|Any CPU = Debug|Any CPU
		Release|Any CPU = Release|Any CPU
	EndGlobalSection
	GlobalSection(ProjectConfigurationPlatforms) = postSolution
		{3EB1CFAE-5AF0-4BAD-8B58-2DA91DF52DE8}.Debug|Any CPU.ActiveCfg = Debug|Any CPU
		{3EB1CFAE-5AF0-4BAD-8B58-2DA91DF52DE8}.Debug|Any CPU.Build.0 = Debug|Any CPU
		{3EB1CFAE-5AF0-4BAD-8B58-2DA91DF52DE8}.Release|Any CPU.ActiveCfg = Release|Any CPU
		{3EB1CFAE-5AF0-4BAD-8B58-2DA91DF52DE8}.Release|Any CPU.Build.0 = Release|Any CPU
		{047F0DF9-FA87-49B8-AE3F-B6AB47129647}.Debug|Any CPU.ActiveCfg = Debug|Any CPU
		{047F0DF9-FA87-49B8-AE3F-B6AB47129647}.Debug|Any CPU.Build.0 = Debug|Any CPU
		{047F0DF9-FA87-49B8-AE3F-B6AB47129647}.Release|Any CPU.ActiveCfg = Release|Any CPU
		{047F0DF9-FA87-49B8-AE3F-B6AB47129647}.Release|Any CPU.Build.0 = Release|Any CPU
		{AA28665D-12D2-4DB5-8085-EF2729EB3457}.Debug|Any CPU.ActiveCfg = Debug|Any CPU
		{AA28665D-12D2-4DB5-8085-EF2729EB3457}.Debug|Any CPU.Build.0 = Debug|Any CPU
		{AA28665D-12D2-4DB5-8085-EF2729EB3457}.Release|Any CPU.ActiveCfg = Release|Any CPU
		{AA28665D-12D2-4DB5-8085-EF2729EB3457}.Release|Any CPU.Build.0 = Release|Any CPU
		{1F3E43DF-E0CC-44E1-91E4-B95A2ECED7EC}.Debug|Any CPU.ActiveCfg = Debug|Any CPU
		{1F3E43DF-E0CC-44E1-91E4-B95A2ECED7EC}.Debug|Any CPU.Build.0 = Debug|Any CPU
		{1F3E43DF-E0CC-44E1-91E4-B95A2ECED7EC}.Release|Any CPU.ActiveCfg = Release|Any CPU
		{1F3E43DF-E0CC-44E1-91E4-B95A2ECED7EC}.Release|Any CPU.Build.0 = Release|Any CPU
		{BB352F89-CC7A-47FC-9B03-EB6C75D050C6}.Debug|Any CPU.ActiveCfg = Debug|Any CPU
		{BB352F89-CC7A-47FC-9B03-EB6C75D050C6}.Debug|Any CPU.Build.0 = Debug|Any CPU
		{BB352F89-CC7A-47FC-9B03-EB6C75D050C6}.Release|Any CPU.ActiveCfg = Release|Any CPU
		{BB352F89-CC7A-47FC-9B03-EB6C75D050C6}.Release|Any CPU.Build.0 = Release|Any CPU
		{C5CBD764-703F-4BAD-BDD7-B64FC3157467}.Debug|Any CPU.ActiveCfg = Debug|Any CPU
		{C5CBD764-703F-4BAD-BDD7-B64FC3157467}.Debug|Any CPU.Build.0 = Debug|Any CPU
		{C5CBD764-703F-4BAD-BDD7-B64FC3157467}.Release|Any CPU.ActiveCfg = Release|Any CPU
		{C5CBD764-703F-4BAD-BDD7-B64FC3157467}.Release|Any CPU.Build.0 = Release|Any CPU
		{F75D98DD-1BB6-4923-AD5F-F5823E01B7A6}.Debug|Any CPU.ActiveCfg = Debug|Any CPU
		{F75D98DD-1BB6-4923-AD5F-F5823E01B7A6}.Debug|Any CPU.Build.0 = Debug|Any CPU
		{F75D98DD-1BB6-4923-AD5F-F5823E01B7A6}.Release|Any CPU.ActiveCfg = Release|Any CPU
		{F75D98DD-1BB6-4923-AD5F-F5823E01B7A6}.Release|Any CPU.Build.0 = Release|Any CPU
		{EFBC092D-3B7E-43F6-A9EE-806BF225378C}.Debug|Any CPU.ActiveCfg = Debug|Any CPU
		{EFBC092D-3B7E-43F6-A9EE-806BF225378C}.Debug|Any CPU.Build.0 = Debug|Any CPU
		{EFBC092D-3B7E-43F6-A9EE-806BF225378C}.Release|Any CPU.ActiveCfg = Release|Any CPU
		{EFBC092D-3B7E-43F6-A9EE-806BF225378C}.Release|Any CPU.Build.0 = Release|Any CPU
	EndGlobalSection
	GlobalSection(SolutionProperties) = preSolution
		HideSolutionNode = FALSE
	EndGlobalSection
	GlobalSection(NestedProjects) = preSolution
		{3EB1CFAE-5AF0-4BAD-8B58-2DA91DF52DE8} = {A53CE0D8-1CEB-44F3-8B3D-97DC660C37AE}
		{047F0DF9-FA87-49B8-AE3F-B6AB47129647} = {931710E3-ED07-47D4-89F0-9DF3CD80EFDF}
		{AA28665D-12D2-4DB5-8085-EF2729EB3457} = {931710E3-ED07-47D4-89F0-9DF3CD80EFDF}
		{1F3E43DF-E0CC-44E1-91E4-B95A2ECED7EC} = {931710E3-ED07-47D4-89F0-9DF3CD80EFDF}
		{BB352F89-CC7A-47FC-9B03-EB6C75D050C6} = {931710E3-ED07-47D4-89F0-9DF3CD80EFDF}
		{C5CBD764-703F-4BAD-BDD7-B64FC3157467} = {931710E3-ED07-47D4-89F0-9DF3CD80EFDF}
		{A53CE0D8-1CEB-44F3-8B3D-97DC660C37AE} = {931710E3-ED07-47D4-89F0-9DF3CD80EFDF}
		{F75D98DD-1BB6-4923-AD5F-F5823E01B7A6} = {931710E3-ED07-47D4-89F0-9DF3CD80EFDF}
		{EFBC092D-3B7E-43F6-A9EE-806BF225378C} = {B61D497A-26F7-409E-A8FD-F67766E5161B}
	EndGlobalSection
	GlobalSection(ExtensibilityGlobals) = postSolution
		SolutionGuid = {06F87BC0-BA88-40C0-A8B2-FB54BD3857A1}
	EndGlobalSection
EndGlobal
